
Microsoft Visual Studio Solution File, Format Version 12.00
# Visual Studio Version 17
VisualStudioVersion = 17.8.34511.84
MinimumVisualStudioVersion = 10.0.40219.1
Project("{FAE04EC0-301F-11D3-BF4B-00C04F79EFBC}") = "OnionLang", "OnionLang\OnionLang.csproj", "{7C28302C-F453-4575-9599-D730990B9CC4}"
EndProject
Global
	GlobalSection(SolutionConfigurationPlatforms) = preSolution
		Debug|Any CPU = Debug|Any CPU
		Release|Any CPU = Release|Any CPU
	EndGlobalSection
	GlobalSection(ProjectConfigurationPlatforms) = postSolution
		{7C28302C-F453-4575-9599-D730990B9CC4}.Debug|Any CPU.ActiveCfg = Debug|Any CPU
		{7C28302C-F453-4575-9599-D730990B9CC4}.Debug|Any CPU.Build.0 = Debug|Any CPU
		{7C28302C-F453-4575-9599-D730990B9CC4}.Release|Any CPU.ActiveCfg = Release|Any CPU
		{7C28302C-F453-4575-9599-D730990B9CC4}.Release|Any CPU.Build.0 = Release|Any CPU
	EndGlobalSection
	GlobalSection(SolutionProperties) = preSolution
		HideSolutionNode = FALSE
	EndGlobalSection
	GlobalSection(ExtensibilityGlobals) = postSolution
		SolutionGuid = {DCEA4B14-06BA-46E1-BD05-5B3DE3586323}
	EndGlobalSection
EndGlobal
